// !$*UTF8*$!
{
	archiveVersion = 1;
	classes = {
	};
	objectVersion = 56;
	objects = {

/* Begin PBXBuildFile section */
		084CE50E2B0165C700CB43F1 /* LanguagesTableViewController.swift in Sources */ = {isa = PBXBuildFile; fileRef = 084CE50D2B0165C700CB43F1 /* LanguagesTableViewController.swift */; };
		084CE5102B016E0F00CB43F1 /* LanguageTableViewCell.swift in Sources */ = {isa = PBXBuildFile; fileRef = 084CE50F2B016E0F00CB43F1 /* LanguageTableViewCell.swift */; };
		08AFBB722AEF2D2F006AF0B4 /* AppDelegate.swift in Sources */ = {isa = PBXBuildFile; fileRef = 08AFBB712AEF2D2F006AF0B4 /* AppDelegate.swift */; };
		08AFBB742AEF2D2F006AF0B4 /* SceneDelegate.swift in Sources */ = {isa = PBXBuildFile; fileRef = 08AFBB732AEF2D2F006AF0B4 /* SceneDelegate.swift */; };
		08AFBB762AEF2D2F006AF0B4 /* ViewController.swift in Sources */ = {isa = PBXBuildFile; fileRef = 08AFBB752AEF2D2F006AF0B4 /* ViewController.swift */; };
		08AFBB792AEF2D2F006AF0B4 /* Main.storyboard in Resources */ = {isa = PBXBuildFile; fileRef = 08AFBB772AEF2D2F006AF0B4 /* Main.storyboard */; };
		08AFBB7B2AEF2D30006AF0B4 /* Assets.xcassets in Resources */ = {isa = PBXBuildFile; fileRef = 08AFBB7A2AEF2D30006AF0B4 /* Assets.xcassets */; };
		08AFBB7E2AEF2D30006AF0B4 /* LaunchScreen.storyboard in Resources */ = {isa = PBXBuildFile; fileRef = 08AFBB7C2AEF2D30006AF0B4 /* LaunchScreen.storyboard */; };
/* End PBXBuildFile section */

/* Begin PBXFileReference section */
		084CE50D2B0165C700CB43F1 /* LanguagesTableViewController.swift */ = {isa = PBXFileReference; lastKnownFileType = sourcecode.swift; path = LanguagesTableViewController.swift; sourceTree = "<group>"; };
		084CE50F2B016E0F00CB43F1 /* LanguageTableViewCell.swift */ = {isa = PBXFileReference; lastKnownFileType = sourcecode.swift; path = LanguageTableViewCell.swift; sourceTree = "<group>"; };
		08AFBB6E2AEF2D2F006AF0B4 /* MyTranslateApp.app */ = {isa = PBXFileReference; explicitFileType = wrapper.application; includeInIndex = 0; path = MyTranslateApp.app; sourceTree = BUILT_PRODUCTS_DIR; };
		08AFBB712AEF2D2F006AF0B4 /* AppDelegate.swift */ = {isa = PBXFileReference; lastKnownFileType = sourcecode.swift; path = AppDelegate.swift; sourceTree = "<group>"; };
		08AFBB732AEF2D2F006AF0B4 /* SceneDelegate.swift */ = {isa = PBXFileReference; lastKnownFileType = sourcecode.swift; path = SceneDelegate.swift; sourceTree = "<group>"; };
		08AFBB752AEF2D2F006AF0B4 /* ViewController.swift */ = {isa = PBXFileReference; lastKnownFileType = sourcecode.swift; path = ViewController.swift; sourceTree = "<group>"; };
		08AFBB782AEF2D2F006AF0B4 /* Base */ = {isa = PBXFileReference; lastKnownFileType = file.storyboard; name = Base; path = Base.lproj/Main.storyboard; sourceTree = "<group>"; };
		08AFBB7A2AEF2D30006AF0B4 /* Assets.xcassets */ = {isa = PBXFileReference; lastKnownFileType = folder.assetcatalog; path = Assets.xcassets; sourceTree = "<group>"; };
		08AFBB7D2AEF2D30006AF0B4 /* Base */ = {isa = PBXFileReference; lastKnownFileType = file.storyboard; name = Base; path = Base.lproj/LaunchScreen.storyboard; sourceTree = "<group>"; };
		08AFBB7F2AEF2D30006AF0B4 /* Info.plist */ = {isa = PBXFileReference; lastKnownFileType = text.plist.xml; path = Info.plist; sourceTree = "<group>"; };
/* End PBXFileReference section */

/* Begin PBXFrameworksBuildPhase section */
		08AFBB6B2AEF2D2F006AF0B4 /* Frameworks */ = {
			isa = PBXFrameworksBuildPhase;
			buildActionMask = 2147483647;
			files = (
			);
			runOnlyForDeploymentPostprocessing = 0;
		};
/* End PBXFrameworksBuildPhase section */

/* Begin PBXGroup section */
		08AFBB652AEF2D2F006AF0B4 = {
			isa = PBXGroup;
			children = (
				08AFBB702AEF2D2F006AF0B4 /* MyTranslateApp */,
				08AFBB6F2AEF2D2F006AF0B4 /* Products */,
			);
			sourceTree = "<group>";
		};
		08AFBB6F2AEF2D2F006AF0B4 /* Products */ = {
			isa = PBXGroup;
			children = (
				08AFBB6E2AEF2D2F006AF0B4 /* MyTranslateApp.app */,
			);
			name = Products;
			sourceTree = "<group>";
		};
		08AFBB702AEF2D2F006AF0B4 /* MyTranslateApp */ = {
			isa = PBXGroup;
			children = (
				08AFBB712AEF2D2F006AF0B4 /* AppDelegate.swift */,
				08AFBB732AEF2D2F006AF0B4 /* SceneDelegate.swift */,
				08AFBB752AEF2D2F006AF0B4 /* ViewController.swift */,
				08AFBB772AEF2D2F006AF0B4 /* Main.storyboard */,
				08AFBB7A2AEF2D30006AF0B4 /* Assets.xcassets */,
				08AFBB7C2AEF2D30006AF0B4 /* LaunchScreen.storyboard */,
				08AFBB7F2AEF2D30006AF0B4 /* Info.plist */,
				084CE50D2B0165C700CB43F1 /* LanguagesTableViewController.swift */,
				084CE50F2B016E0F00CB43F1 /* LanguageTableViewCell.swift */,
			);
			path = MyTranslateApp;
			sourceTree = "<group>";
		};
/* End PBXGroup section */

/* Begin PBXNativeTarget section */
		08AFBB6D2AEF2D2F006AF0B4 /* MyTranslateApp */ = {
			isa = PBXNativeTarget;
			buildConfigurationList = 08AFBB822AEF2D30006AF0B4 /* Build configuration list for PBXNativeTarget "MyTranslateApp" */;
			buildPhases = (
				08AFBB6A2AEF2D2F006AF0B4 /* Sources */,
				08AFBB6B2AEF2D2F006AF0B4 /* Frameworks */,
				08AFBB6C2AEF2D2F006AF0B4 /* Resources */,
			);
			buildRules = (
			);
			dependencies = (
			);
			name = MyTranslateApp;
			productName = MyTranslateApp;
			productReference = 08AFBB6E2AEF2D2F006AF0B4 /* MyTranslateApp.app */;
			productType = "com.apple.product-type.application";
		};
/* End PBXNativeTarget section */

/* Begin PBXProject section */
		08AFBB662AEF2D2F006AF0B4 /* Project object */ = {
			isa = PBXProject;
			attributes = {
				BuildIndependentTargetsInParallel = 1;
				LastSwiftUpdateCheck = 1500;
				LastUpgradeCheck = 1500;
				TargetAttributes = {
					08AFBB6D2AEF2D2F006AF0B4 = {
						CreatedOnToolsVersion = 15.0;
					};
				};
			};
			buildConfigurationList = 08AFBB692AEF2D2F006AF0B4 /* Build configuration list for PBXProject "MyTranslateApp" */;
			compatibilityVersion = "Xcode 14.0";
			developmentRegion = en;
			hasScannedForEncodings = 0;
			knownRegions = (
				en,
				Base,
			);
			mainGroup = 08AFBB652AEF2D2F006AF0B4;
			productRefGroup = 08AFBB6F2AEF2D2F006AF0B4 /* Products */;
			projectDirPath = "";
			projectRoot = "";
			targets = (
				08AFBB6D2AEF2D2F006AF0B4 /* MyTranslateApp */,
			);
		};
/* End PBXProject section */

/* Begin PBXResourcesBuildPhase section */
		08AFBB6C2AEF2D2F006AF0B4 /* Resources */ = {
			isa = PBXResourcesBuildPhase;
			buildActionMask = 2147483647;
			files = (
				08AFBB7E2AEF2D30006AF0B4 /* LaunchScreen.storyboard in Resources */,
				08AFBB7B2AEF2D30006AF0B4 /* Assets.xcassets in Resources */,
				08AFBB792AEF2D2F006AF0B4 /* Main.storyboard in Resources */,
			);
			runOnlyForDeploymentPostprocessing = 0;
		};
/* End PBXResourcesBuildPhase section */

/* Begin PBXSourcesBuildPhase section */
		08AFBB6A2AEF2D2F006AF0B4 /* Sources */ = {
			isa = PBXSourcesBuildPhase;
			buildActionMask = 2147483647;
			files = (
				084CE5102B016E0F00CB43F1 /* LanguageTableViewCell.swift in Sources */,
				08AFBB762AEF2D2F006AF0B4 /* ViewController.swift in Sources */,
				08AFBB722AEF2D2F006AF0B4 /* AppDelegate.swift in Sources */,
				08AFBB742AEF2D2F006AF0B4 /* SceneDelegate.swift in Sources */,
				084CE50E2B0165C700CB43F1 /* LanguagesTableViewController.swift in Sources */,
			);
			runOnlyForDeploymentPostprocessing = 0;
		};
/* End PBXSourcesBuildPhase section */

/* Begin PBXVariantGroup section */
		08AFBB772AEF2D2F006AF0B4 /* Main.storyboard */ = {
			isa = PBXVariantGroup;
			children = (
				08AFBB782AEF2D2F006AF0B4 /* Base */,
			);
			name = Main.storyboard;
			sourceTree = "<group>";
		};
		08AFBB7C2AEF2D30006AF0B4 /* LaunchScreen.storyboard */ = {
			isa = PBXVariantGroup;
			children = (
				08AFBB7D2AEF2D30006AF0B4 /* Base */,
			);
			name = LaunchScreen.storyboard;
			sourceTree = "<group>";
		};
/* End PBXVariantGroup section */

/* Begin XCBuildConfiguration section */
		08AFBB802AEF2D30006AF0B4 /* Debug */ = {
			isa = XCBuildConfiguration;
			buildSettings = {
				ALWAYS_SEARCH_USER_PATHS = NO;
				ASSETCATALOG_COMPILER_GENERATE_SWIFT_ASSET_SYMBOL_EXTENSIONS = YES;
				CLANG_ANALYZER_NONNULL = YES;
				CLANG_ANALYZER_NUMBER_OBJECT_CONVERSION = YES_AGGRESSIVE;
				CLANG_CXX_LANGUAGE_STANDARD = "gnu++20";
				CLANG_ENABLE_MODULES = YES;
				CLANG_ENABLE_OBJC_ARC = YES;
				CLANG_ENABLE_OBJC_WEAK = YES;
				CLANG_WARN_BLOCK_CAPTURE_AUTORELEASING = YES;
				CLANG_WARN_BOOL_CONVERSION = YES;
				CLANG_WARN_COMMA = YES;
				CLANG_WARN_CONSTANT_CONVERSION = YES;
				CLANG_WARN_DEPRECATED_OBJC_IMPLEMENTATIONS = YES;
				CLANG_WARN_DIRECT_OBJC_ISA_USAGE = YES_ERROR;
				CLANG_WARN_DOCUMENTATION_COMMENTS = YES;
				CLANG_WARN_EMPTY_BODY = YES;
				CLANG_WARN_ENUM_CONVERSION = YES;
				CLANG_WARN_INFINITE_RECURSION = YES;
				CLANG_WARN_INT_CONVERSION = YES;
				CLANG_WARN_NON_LITERAL_NULL_CONVERSION = YES;
				CLANG_WARN_OBJC_IMPLICIT_RETAIN_SELF = YES;
				CLANG_WARN_OBJC_LITERAL_CONVERSION = YES;
				CLANG_WARN_OBJC_ROOT_CLASS = YES_ERROR;
				CLANG_WARN_QUOTED_INCLUDE_IN_FRAMEWORK_HEADER = YES;
				CLANG_WARN_RANGE_LOOP_ANALYSIS = YES;
				CLANG_WARN_STRICT_PROTOTYPES = YES;
				CLANG_WARN_SUSPICIOUS_MOVE = YES;
				CLANG_WARN_UNGUARDED_AVAILABILITY = YES_AGGRESSIVE;
				CLANG_WARN_UNREACHABLE_CODE = YES;
				CLANG_WARN__DUPLICATE_METHOD_MATCH = YES;
				COPY_PHASE_STRIP = NO;
				DEBUG_INFORMATION_FORMAT = dwarf;
				ENABLE_STRICT_OBJC_MSGSEND = YES;
				ENABLE_TESTABILITY = YES;
				ENABLE_USER_SCRIPT_SANDBOXING = YES;
				GCC_C_LANGUAGE_STANDARD = gnu17;
				GCC_DYNAMIC_NO_PIC = NO;
				GCC_NO_COMMON_BLOCKS = YES;
				GCC_OPTIMIZATION_LEVEL = 0;
				GCC_PREPROCESSOR_DEFINITIONS = (
					"DEBUG=1",
					"$(inherited)",
				);
				GCC_WARN_64_TO_32_BIT_CONVERSION = YES;
				GCC_WARN_ABOUT_RETURN_TYPE = YES_ERROR;
				GCC_WARN_UNDECLARED_SELECTOR = YES;
				GCC_WARN_UNINITIALIZED_AUTOS = YES_AGGRESSIVE;
				GCC_WARN_UNUSED_FUNCTION = YES;
				GCC_WARN_UNUSED_VARIABLE = YES;
				IPHONEOS_DEPLOYMENT_TARGET = 17.0;
				LOCALIZATION_PREFERS_STRING_CATALOGS = YES;
				MTL_ENABLE_DEBUG_INFO = INCLUDE_SOURCE;
				MTL_FAST_MATH = YES;
				ONLY_ACTIVE_ARCH = YES;
				SDKROOT = iphoneos;
				SWIFT_ACTIVE_COMPILATION_CONDITIONS = "DEBUG $(inherited)";
				SWIFT_OPTIMIZATION_LEVEL = "-Onone";
			};
			name = Debug;
		};
		08AFBB812AEF2D30006AF0B4 /* Release */ = {
			isa = XCBuildConfiguration;
			buildSettings = {
				ALWAYS_SEARCH_USER_PATHS = NO;
				ASSETCATALOG_COMPILER_GENERATE_SWIFT_ASSET_SYMBOL_EXTENSIONS = YES;
				CLANG_ANALYZER_NONNULL = YES;
				CLANG_ANALYZER_NUMBER_OBJECT_CONVERSION = YES_AGGRESSIVE;
				CLANG_CXX_LANGUAGE_STANDARD = "gnu++20";
				CLANG_ENABLE_MODULES = YES;
				CLANG_ENABLE_OBJC_ARC = YES;
				CLANG_ENABLE_OBJC_WEAK = YES;
				CLANG_WARN_BLOCK_CAPTURE_AUTORELEASING = YES;
				CLANG_WARN_BOOL_CONVERSION = YES;
				CLANG_WARN_COMMA = YES;
				CLANG_WARN_CONSTANT_CONVERSION = YES;
				CLANG_WARN_DEPRECATED_OBJC_IMPLEMENTATIONS = YES;
				CLANG_WARN_DIRECT_OBJC_ISA_USAGE = YES_ERROR;
				CLANG_WARN_DOCUMENTATION_COMMENTS = YES;
				CLANG_WARN_EMPTY_BODY = YES;
				CLANG_WARN_ENUM_CONVERSION = YES;
				CLANG_WARN_INFINITE_RECURSION = YES;
				CLANG_WARN_INT_CONVERSION = YES;
				CLANG_WARN_NON_LITERAL_NULL_CONVERSION = YES;
				CLANG_WARN_OBJC_IMPLICIT_RETAIN_SELF = YES;
				CLANG_WARN_OBJC_LITERAL_CONVERSION = YES;
				CLANG_WARN_OBJC_ROOT_CLASS = YES_ERROR;
				CLANG_WARN_QUOTED_INCLUDE_IN_FRAMEWORK_HEADER = YES;
				CLANG_WARN_RANGE_LOOP_ANALYSIS = YES;
				CLANG_WARN_STRICT_PROTOTYPES = YES;
				CLANG_WARN_SUSPICIOUS_MOVE = YES;
				CLANG_WARN_UNGUARDED_AVAILABILITY = YES_AGGRESSIVE;
				CLANG_WARN_UNREACHABLE_CODE = YES;
				CLANG_WARN__DUPLICATE_METHOD_MATCH = YES;
				COPY_PHASE_STRIP = NO;
				DEBUG_INFORMATION_FORMAT = "dwarf-with-dsym";
				ENABLE_NS_ASSERTIONS = NO;
				ENABLE_STRICT_OBJC_MSGSEND = YES;
				ENABLE_USER_SCRIPT_SANDBOXING = YES;
				GCC_C_LANGUAGE_STANDARD = gnu17;
				GCC_NO_COMMON_BLOCKS = YES;
				GCC_WARN_64_TO_32_BIT_CONVERSION = YES;
				GCC_WARN_ABOUT_RETURN_TYPE = YES_ERROR;
				GCC_WARN_UNDECLARED_SELECTOR = YES;
				GCC_WARN_UNINITIALIZED_AUTOS = YES_AGGRESSIVE;
				GCC_WARN_UNUSED_FUNCTION = YES;
				GCC_WARN_UNUSED_VARIABLE = YES;
				IPHONEOS_DEPLOYMENT_TARGET = 17.0;
				LOCALIZATION_PREFERS_STRING_CATALOGS = YES;
				MTL_ENABLE_DEBUG_INFO = NO;
				MTL_FAST_MATH = YES;
				SDKROOT = iphoneos;
				SWIFT_COMPILATION_MODE = wholemodule;
				VALIDATE_PRODUCT = YES;
			};
			name = Release;
		};
		08AFBB832AEF2D30006AF0B4 /* Debug */ = {
			isa = XCBuildConfiguration;
			buildSettings = {
				ASSETCATALOG_COMPILER_APPICON_NAME = AppIcon;
				ASSETCATALOG_COMPILER_GLOBAL_ACCENT_COLOR_NAME = AccentColor;
				CODE_SIGN_STYLE = Automatic;
				CURRENT_PROJECT_VERSION = 1;
				DEVELOPMENT_TEAM = 6ZBRWYDB9F;
				GENERATE_INFOPLIST_FILE = YES;
				INFOPLIST_FILE = MyTranslateApp/Info.plist;
				INFOPLIST_KEY_UIApplicationSupportsIndirectInputEvents = YES;
				INFOPLIST_KEY_UILaunchStoryboardName = LaunchScreen;
				INFOPLIST_KEY_UIMainStoryboardFile = Main;
				INFOPLIST_KEY_UISupportedInterfaceOrientations_iPad = "UIInterfaceOrientationPortrait UIInterfaceOrientationPortraitUpsideDown UIInterfaceOrientationLandscapeLeft UIInterfaceOrientationLandscapeRight";
				INFOPLIST_KEY_UISupportedInterfaceOrientations_iPhone = "UIInterfaceOrientationPortrait UIInterfaceOrientationLandscapeLeft UIInterfaceOrientationLandscapeRight";
				LD_RUNPATH_SEARCH_PATHS = (
					"$(inherited)",
					"@executable_path/Frameworks",
				);
				MARKETING_VERSION = 1.0;
				PRODUCT_BUNDLE_IDENTIFIER = com.cindynun.MyTranslateApp;
				PRODUCT_NAME = "$(TARGET_NAME)";
				SWIFT_EMIT_LOC_STRINGS = YES;
				SWIFT_VERSION = 5.0;
				TARGETED_DEVICE_FAMILY = "1,2";
			};
			name = Debug;
		};
		08AFBB842AEF2D30006AF0B4 /* Release */ = {
			isa = XCBuildConfiguration;
			buildSettings = {
				ASSETCATALOG_COMPILER_APPICON_NAME = AppIcon;
				ASSETCATALOG_COMPILER_GLOBAL_ACCENT_COLOR_NAME = AccentColor;
				CODE_SIGN_STYLE = Automatic;
				CURRENT_PROJECT_VERSION = 1;
				DEVELOPMENT_TEAM = 6ZBRWYDB9F;
				GENERATE_INFOPLIST_FILE = YES;
				INFOPLIST_FILE = MyTranslateApp/Info.plist;
				INFOPLIST_KEY_UIApplicationSupportsIndirectInputEvents = YES;
				INFOPLIST_KEY_UILaunchStoryboardName = LaunchScreen;
				INFOPLIST_KEY_UIMainStoryboardFile = Main;
				INFOPLIST_KEY_UISupportedInterfaceOrientations_iPad = "UIInterfaceOrientationPortrait UIInterfaceOrientationPortraitUpsideDown UIInterfaceOrientationLandscapeLeft UIInterfaceOrientationLandscapeRight";
				INFOPLIST_KEY_UISupportedInterfaceOrientations_iPhone = "UIInterfaceOrientationPortrait UIInterfaceOrientationLandscapeLeft UIInterfaceOrientationLandscapeRight";
				LD_RUNPATH_SEARCH_PATHS = (
					"$(inherited)",
					"@executable_path/Frameworks",
				);
				MARKETING_VERSION = 1.0;
				PRODUCT_BUNDLE_IDENTIFIER = com.cindynun.MyTranslateApp;
				PRODUCT_NAME = "$(TARGET_NAME)";
				SWIFT_EMIT_LOC_STRINGS = YES;
				SWIFT_VERSION = 5.0;
				TARGETED_DEVICE_FAMILY = "1,2";
			};
			name = Release;
		};
/* End XCBuildConfiguration section */

/* Begin XCConfigurationList section */
		08AFBB692AEF2D2F006AF0B4 /* Build configuration list for PBXProject "MyTranslateApp" */ = {
			isa = XCConfigurationList;
			buildConfigurations = (
				08AFBB802AEF2D30006AF0B4 /* Debug */,
				08AFBB812AEF2D30006AF0B4 /* Release */,
			);
			defaultConfigurationIsVisible = 0;
			defaultConfigurationName = Release;
		};
		08AFBB822AEF2D30006AF0B4 /* Build configuration list for PBXNativeTarget "MyTranslateApp" */ = {
			isa = XCConfigurationList;
			buildConfigurations = (
				08AFBB832AEF2D30006AF0B4 /* Debug */,
				08AFBB842AEF2D30006AF0B4 /* Release */,
			);
			defaultConfigurationIsVisible = 0;
			defaultConfigurationName = Release;
		};
/* End XCConfigurationList section */
	};
	rootObject = 08AFBB662AEF2D2F006AF0B4 /* Project object */;
}
